
Microsoft Visual Studio Solution File, Format Version 12.00
# Visual Studio Version 16
VisualStudioVersion = 16.0.29806.167
MinimumVisualStudioVersion = 10.0.40219.1
Project("{FAE04EC0-301F-11D3-BF4B-00C04F79EFBC}") = "GRPCDemo2", "GRPCDemo2\GRPCDemo2.csproj", "{83FB9282-6FF0-4B16-97E9-954F43A657F2}"
EndProject
Project("{FAE04EC0-301F-11D3-BF4B-00C04F79EFBC}") = "GRPCServer", "GRPCServer\GRPCServer.csproj", "{E13CB098-0B46-40C1-B78B-67EA1BFBB01C}"
EndProject
Project("{FAE04EC0-301F-11D3-BF4B-00C04F79EFBC}") = "GRPCClient", "GRPCClient\GRPCClient.csproj", "{277A701C-179A-483D-9DED-745B1B38F5D8}"
EndProject
Global
	GlobalSection(SolutionConfigurationPlatforms) = preSolution
		Debug|Any CPU = Debug|Any CPU
		Release|Any CPU = Release|Any CPU
	EndGlobalSection
	GlobalSection(ProjectConfigurationPlatforms) = postSolution
		{83FB9282-6FF0-4B16-97E9-954F43A657F2}.Debug|Any CPU.ActiveCfg = Debug|Any CPU
		{83FB9282-6FF0-4B16-97E9-954F43A657F2}.Debug|Any CPU.Build.0 = Debug|Any CPU
		{83FB9282-6FF0-4B16-97E9-954F43A657F2}.Release|Any CPU.ActiveCfg = Release|Any CPU
		{83FB9282-6FF0-4B16-97E9-954F43A657F2}.Release|Any CPU.Build.0 = Release|Any CPU
		{E13CB098-0B46-40C1-B78B-67EA1BFBB01C}.Debug|Any CPU.ActiveCfg = Debug|Any CPU
		{E13CB098-0B46-40C1-B78B-67EA1BFBB01C}.Debug|Any CPU.Build.0 = Debug|Any CPU
		{E13CB098-0B46-40C1-B78B-67EA1BFBB01C}.Release|Any CPU.ActiveCfg = Release|Any CPU
		{E13CB098-0B46-40C1-B78B-67EA1BFBB01C}.Release|Any CPU.Build.0 = Release|Any CPU
		{277A701C-179A-483D-9DED-745B1B38F5D8}.Debug|Any CPU.ActiveCfg = Debug|Any CPU
		{277A701C-179A-483D-9DED-745B1B38F5D8}.Debug|Any CPU.Build.0 = Debug|Any CPU
		{277A701C-179A-483D-9DED-745B1B38F5D8}.Release|Any CPU.ActiveCfg = Release|Any CPU
		{277A701C-179A-483D-9DED-745B1B38F5D8}.Release|Any CPU.Build.0 = Release|Any CPU
	EndGlobalSection
	GlobalSection(SolutionProperties) = preSolution
		HideSolutionNode = FALSE
	EndGlobalSection
	GlobalSection(ExtensibilityGlobals) = postSolution
		SolutionGuid = {A2F86983-159E-490E-8D6D-8AC2AEB55A74}
	EndGlobalSection
EndGlobal
